
Microsoft Visual Studio Solution File, Format Version 12.00
# Visual Studio Version 17
VisualStudioVersion = 17.3.32811.315
MinimumVisualStudioVersion = 10.0.40219.1
Project("{9A19103F-16F7-4668-BE54-9A1E7A4F7556}") = "Calculadora", "Projeto_06_Teste_Unitario\Calculadora.csproj", "{DC5D3053-01FF-4507-BD31-F2A7C9E1DB28}"
EndProject
Project("{9A19103F-16F7-4668-BE54-9A1E7A4F7556}") = "Calculadora.Testes", "Calculadora.Testes\Calculadora.Testes.csproj", "{2F7D6227-BAB6-4769-940E-BD13E8095F3C}"
EndProject
Global
	GlobalSection(SolutionConfigurationPlatforms) = preSolution
		Debug|Any CPU = Debug|Any CPU
		Debug|x64 = Debug|x64
		Release|Any CPU = Release|Any CPU
		Release|x64 = Release|x64
	EndGlobalSection
	GlobalSection(ProjectConfigurationPlatforms) = postSolution
		{DC5D3053-01FF-4507-BD31-F2A7C9E1DB28}.Debug|Any CPU.ActiveCfg = Debug|Any CPU
		{DC5D3053-01FF-4507-BD31-F2A7C9E1DB28}.Debug|Any CPU.Build.0 = Debug|Any CPU
		{DC5D3053-01FF-4507-BD31-F2A7C9E1DB28}.Debug|x64.ActiveCfg = Debug|Any CPU
		{DC5D3053-01FF-4507-BD31-F2A7C9E1DB28}.Debug|x64.Build.0 = Debug|Any CPU
		{DC5D3053-01FF-4507-BD31-F2A7C9E1DB28}.Release|Any CPU.ActiveCfg = Release|Any CPU
		{DC5D3053-01FF-4507-BD31-F2A7C9E1DB28}.Release|Any CPU.Build.0 = Release|Any CPU
		{DC5D3053-01FF-4507-BD31-F2A7C9E1DB28}.Release|x64.ActiveCfg = Release|Any CPU
		{DC5D3053-01FF-4507-BD31-F2A7C9E1DB28}.Release|x64.Build.0 = Release|Any CPU
		{2F7D6227-BAB6-4769-940E-BD13E8095F3C}.Debug|Any CPU.ActiveCfg = Debug|Any CPU
		{2F7D6227-BAB6-4769-940E-BD13E8095F3C}.Debug|Any CPU.Build.0 = Debug|Any CPU
		{2F7D6227-BAB6-4769-940E-BD13E8095F3C}.Debug|x64.ActiveCfg = Debug|x64
		{2F7D6227-BAB6-4769-940E-BD13E8095F3C}.Debug|x64.Build.0 = Debug|x64
		{2F7D6227-BAB6-4769-940E-BD13E8095F3C}.Release|Any CPU.ActiveCfg = Release|Any CPU
		{2F7D6227-BAB6-4769-940E-BD13E8095F3C}.Release|Any CPU.Build.0 = Release|Any CPU
		{2F7D6227-BAB6-4769-940E-BD13E8095F3C}.Release|x64.ActiveCfg = Release|x64
		{2F7D6227-BAB6-4769-940E-BD13E8095F3C}.Release|x64.Build.0 = Release|x64
	EndGlobalSection
	GlobalSection(SolutionProperties) = preSolution
		HideSolutionNode = FALSE
	EndGlobalSection
	GlobalSection(ExtensibilityGlobals) = postSolution
		SolutionGuid = {4CE49D77-C743-4CD6-9118-FDFAD3025205}
	EndGlobalSection
EndGlobal
