
Microsoft Visual Studio Solution File, Format Version 12.00
# Visual Studio Version 17
VisualStudioVersion = 17.3.32811.315
MinimumVisualStudioVersion = 10.0.40219.1
Project("{FAE04EC0-301F-11D3-BF4B-00C04F79EFBC}") = "UltimaHora", "UltimaHora\UltimaHora.csproj", "{FCFCDDC8-B475-4F17-B88C-504546C73186}"
EndProject
Global
	GlobalSection(SolutionConfigurationPlatforms) = preSolution
		Debug|Any CPU = Debug|Any CPU
		Release|Any CPU = Release|Any CPU
	EndGlobalSection
	GlobalSection(ProjectConfigurationPlatforms) = postSolution
		{FCFCDDC8-B475-4F17-B88C-504546C73186}.Debug|Any CPU.ActiveCfg = Debug|Any CPU
		{FCFCDDC8-B475-4F17-B88C-504546C73186}.Debug|Any CPU.Build.0 = Debug|Any CPU
		{FCFCDDC8-B475-4F17-B88C-504546C73186}.Release|Any CPU.ActiveCfg = Release|Any CPU
		{FCFCDDC8-B475-4F17-B88C-504546C73186}.Release|Any CPU.Build.0 = Release|Any CPU
	EndGlobalSection
	GlobalSection(SolutionProperties) = preSolution
		HideSolutionNode = FALSE
	EndGlobalSection
	GlobalSection(ExtensibilityGlobals) = postSolution
		SolutionGuid = {E51391D4-4565-4FBF-81E0-B16CB899EFC7}
	EndGlobalSection
EndGlobal
